
Microsoft Visual Studio Solution File, Format Version 12.00
# Visual Studio Version 17
VisualStudioVersion = 17.5.33516.290
MinimumVisualStudioVersion = 10.0.40219.1
Project("{FAE04EC0-301F-11D3-BF4B-00C04F79EFBC}") = "Presentation", "Libro\Presentation.csproj", "{04904829-093D-4AAF-8D21-F05CBB9B3525}"
EndProject
Project("{FAE04EC0-301F-11D3-BF4B-00C04F79EFBC}") = "Tests", "Tests\Tests.csproj", "{27875EB8-D455-49DF-B26C-66D8AAF91793}"
EndProject
Project("{FAE04EC0-301F-11D3-BF4B-00C04F79EFBC}") = "Infrastructure", "Infrastructure\Infrastructure.csproj", "{CFCB091E-95B1-4169-A2BF-F0A2FAED962D}"
EndProject
Project("{FAE04EC0-301F-11D3-BF4B-00C04F79EFBC}") = "Application", "Application\Application.csproj", "{C93BD47A-4114-4E6A-9924-A0A670117463}"
EndProject
Project("{FAE04EC0-301F-11D3-BF4B-00C04F79EFBC}") = "Domain", "Domain\Domain.csproj", "{CBE28C06-22EE-4E42-851C-E701A9C0CF20}"
EndProject
Global
	GlobalSection(SolutionConfigurationPlatforms) = preSolution
		Debug|Any CPU = Debug|Any CPU
		Release|Any CPU = Release|Any CPU
	EndGlobalSection
	GlobalSection(ProjectConfigurationPlatforms) = postSolution
		{04904829-093D-4AAF-8D21-F05CBB9B3525}.Debug|Any CPU.ActiveCfg = Debug|Any CPU
		{04904829-093D-4AAF-8D21-F05CBB9B3525}.Debug|Any CPU.Build.0 = Debug|Any CPU
		{04904829-093D-4AAF-8D21-F05CBB9B3525}.Release|Any CPU.ActiveCfg = Release|Any CPU
		{04904829-093D-4AAF-8D21-F05CBB9B3525}.Release|Any CPU.Build.0 = Release|Any CPU
		{27875EB8-D455-49DF-B26C-66D8AAF91793}.Debug|Any CPU.ActiveCfg = Debug|Any CPU
		{27875EB8-D455-49DF-B26C-66D8AAF91793}.Debug|Any CPU.Build.0 = Debug|Any CPU
		{27875EB8-D455-49DF-B26C-66D8AAF91793}.Release|Any CPU.ActiveCfg = Release|Any CPU
		{27875EB8-D455-49DF-B26C-66D8AAF91793}.Release|Any CPU.Build.0 = Release|Any CPU
		{CFCB091E-95B1-4169-A2BF-F0A2FAED962D}.Debug|Any CPU.ActiveCfg = Debug|Any CPU
		{CFCB091E-95B1-4169-A2BF-F0A2FAED962D}.Debug|Any CPU.Build.0 = Debug|Any CPU
		{CFCB091E-95B1-4169-A2BF-F0A2FAED962D}.Release|Any CPU.ActiveCfg = Release|Any CPU
		{CFCB091E-95B1-4169-A2BF-F0A2FAED962D}.Release|Any CPU.Build.0 = Release|Any CPU
		{C93BD47A-4114-4E6A-9924-A0A670117463}.Debug|Any CPU.ActiveCfg = Debug|Any CPU
		{C93BD47A-4114-4E6A-9924-A0A670117463}.Debug|Any CPU.Build.0 = Debug|Any CPU
		{C93BD47A-4114-4E6A-9924-A0A670117463}.Release|Any CPU.ActiveCfg = Release|Any CPU
		{C93BD47A-4114-4E6A-9924-A0A670117463}.Release|Any CPU.Build.0 = Release|Any CPU
		{CBE28C06-22EE-4E42-851C-E701A9C0CF20}.Debug|Any CPU.ActiveCfg = Debug|Any CPU
		{CBE28C06-22EE-4E42-851C-E701A9C0CF20}.Debug|Any CPU.Build.0 = Debug|Any CPU
		{CBE28C06-22EE-4E42-851C-E701A9C0CF20}.Release|Any CPU.ActiveCfg = Release|Any CPU
		{CBE28C06-22EE-4E42-851C-E701A9C0CF20}.Release|Any CPU.Build.0 = Release|Any CPU
	EndGlobalSection
	GlobalSection(SolutionProperties) = preSolution
		HideSolutionNode = FALSE
	EndGlobalSection
	GlobalSection(ExtensibilityGlobals) = postSolution
		SolutionGuid = {5104C701-8694-4BF0-8644-A0500A1EB8A5}
	EndGlobalSection
EndGlobal
